
Microsoft Visual Studio Solution File, Format Version 12.00
# Visual Studio Version 17
VisualStudioVersion = 17.6.33829.357
MinimumVisualStudioVersion = 10.0.40219.1
Project("{FAE04EC0-301F-11D3-BF4B-00C04F79EFBC}") = "MovieServiceWebAPI", "MovieServiceWebAPI\MovieServiceWebAPI.csproj", "{3114A025-BE48-4E73-9360-CCC7F6968111}"
EndProject
Global
	GlobalSection(SolutionConfigurationPlatforms) = preSolution
		Debug|Any CPU = Debug|Any CPU
		Release|Any CPU = Release|Any CPU
	EndGlobalSection
	GlobalSection(ProjectConfigurationPlatforms) = postSolution
		{3114A025-BE48-4E73-9360-CCC7F6968111}.Debug|Any CPU.ActiveCfg = Debug|Any CPU
		{3114A025-BE48-4E73-9360-CCC7F6968111}.Debug|Any CPU.Build.0 = Debug|Any CPU
		{3114A025-BE48-4E73-9360-CCC7F6968111}.Release|Any CPU.ActiveCfg = Release|Any CPU
		{3114A025-BE48-4E73-9360-CCC7F6968111}.Release|Any CPU.Build.0 = Release|Any CPU
	EndGlobalSection
	GlobalSection(SolutionProperties) = preSolution
		HideSolutionNode = FALSE
	EndGlobalSection
	GlobalSection(ExtensibilityGlobals) = postSolution
		SolutionGuid = {7E2266FA-8A81-40A9-8698-C48218ADBDD8}
	EndGlobalSection
EndGlobal
